Microsoft Visual Studio Solution File, Format Version 12.00
# Visual Studio Version 17
VisualStudioVersion = 17.5.2.0
MinimumVisualStudioVersion = 10.0.40219.1
Project("{FAE04EC0-301F-11D3-BF4B-00C04F79EFBC}") = "PageEF", "PageEF.csproj", "{E694E1D6-809A-D507-8F00-5138E370F8A8}"
EndProject
Global
	GlobalSection(SolutionConfigurationPlatforms) = preSolution
		Debug|Any CPU = Debug|Any CPU
		Release|Any CPU = Release|Any CPU
	EndGlobalSection
	GlobalSection(ProjectConfigurationPlatforms) = postSolution
		{E694E1D6-809A-D507-8F00-5138E370F8A8}.Debug|Any CPU.ActiveCfg = Debug|Any CPU
		{E694E1D6-809A-D507-8F00-5138E370F8A8}.Debug|Any CPU.Build.0 = Debug|Any CPU
		{E694E1D6-809A-D507-8F00-5138E370F8A8}.Release|Any CPU.ActiveCfg = Release|Any CPU
		{E694E1D6-809A-D507-8F00-5138E370F8A8}.Release|Any CPU.Build.0 = Release|Any CPU
	EndGlobalSection
	GlobalSection(SolutionProperties) = preSolution
		HideSolutionNode = FALSE
	EndGlobalSection
	GlobalSection(ExtensibilityGlobals) = postSolution
		SolutionGuid = {D79BC1A9-C29D-4246-BB8F-672546387649}
	EndGlobalSection
EndGlobal
